
Microsoft Visual Studio Solution File, Format Version 12.00
# Visual Studio 2015
Project("{FAE04EC0-301F-11D3-BF4B-00C04F79EFBC}") = "Glider.CSharp.Plugins", "Glider.CSharp.Plugins.csproj", "{8EE35844-63B1-31EF-4A78-BA85D9810259}"
EndProject
Project("{FAE04EC0-301F-11D3-BF4B-00C04F79EFBC}") = "Glider.CSharp", "Glider.CSharp.csproj", "{A8236771-EDC8-101C-AB9B-059393D32D92}"
EndProject
Project("{FAE04EC0-301F-11D3-BF4B-00C04F79EFBC}") = "Glider.CSharp.Editor", "Glider.CSharp.Editor.csproj", "{175B6B3C-237E-FD17-66D2-8D5F3BFD4035}"
EndProject
Global
	GlobalSection(SolutionConfigurationPlatforms) = preSolution
		Debug|Any CPU = Debug|Any CPU
		Release|Any CPU = Release|Any CPU
	EndGlobalSection
	GlobalSection(ProjectConfigurationPlatforms) = postSolution
		{8EE35844-63B1-31EF-4A78-BA85D9810259}.Debug|Any CPU.ActiveCfg = Debug|Any CPU
		{8EE35844-63B1-31EF-4A78-BA85D9810259}.Debug|Any CPU.Build.0 = Debug|Any CPU
		{8EE35844-63B1-31EF-4A78-BA85D9810259}.Release|Any CPU.ActiveCfg = Release|Any CPU
		{8EE35844-63B1-31EF-4A78-BA85D9810259}.Release|Any CPU.Build.0 = Release|Any CPU
		{A8236771-EDC8-101C-AB9B-059393D32D92}.Debug|Any CPU.ActiveCfg = Debug|Any CPU
		{A8236771-EDC8-101C-AB9B-059393D32D92}.Debug|Any CPU.Build.0 = Debug|Any CPU
		{A8236771-EDC8-101C-AB9B-059393D32D92}.Release|Any CPU.ActiveCfg = Release|Any CPU
		{A8236771-EDC8-101C-AB9B-059393D32D92}.Release|Any CPU.Build.0 = Release|Any CPU
		{175B6B3C-237E-FD17-66D2-8D5F3BFD4035}.Debug|Any CPU.ActiveCfg = Debug|Any CPU
		{175B6B3C-237E-FD17-66D2-8D5F3BFD4035}.Debug|Any CPU.Build.0 = Debug|Any CPU
		{175B6B3C-237E-FD17-66D2-8D5F3BFD4035}.Release|Any CPU.ActiveCfg = Release|Any CPU
		{175B6B3C-237E-FD17-66D2-8D5F3BFD4035}.Release|Any CPU.Build.0 = Release|Any CPU
	EndGlobalSection
	GlobalSection(SolutionProperties) = preSolution
		HideSolutionNode = FALSE
	EndGlobalSection
EndGlobal
